PODS:
  - SocketRocket (0.5.1)
  - WeexSDK (0.10.3):
    - SocketRocket

DEPENDENCIES:
  - WeexSDK

SPEC CHECKSUMS:
  SocketRocket: d57c7159b83c3c6655745cd15302aa24b6bae531
  WeexSDK: ba8a6c443885afc16d9b0a8eb23220d792ad5b27

PODFILE CHECKSUM: 108b643b61e6ec8bdd0638a1ebd1e2b316128017

COCOAPODS: 1.2.0
