PODS:
  - SDWebImage (3.8.2):
    - SDWebImage/Core (= 3.8.2)
  - SDWebImage/Core (3.8.2)
  - SocketRocket (0.5.1)
  - WeexSDK (0.10.3):
    - SocketRocket
  - WXDevtool (0.9.5):
    - WeexSDK

DEPENDENCIES:
  - SDWebImage (= 3.8.2)
  - WeexSDK
  - WXDevtool

SPEC CHECKSUMS:
  SDWebImage: 098e97e6176540799c27e804c96653ee0833d13c
  SocketRocket: d57c7159b83c3c6655745cd15302aa24b6bae531
  WeexSDK: ba8a6c443885afc16d9b0a8eb23220d792ad5b27
  WXDevtool: 5135a5c6f4426fb635babb9eacfa14352bc66dc6

PODFILE CHECKSUM: fe07a0abca936a01dee91566525965f68176ae67

COCOAPODS: 1.2.0
